
Microsoft Visual Studio Solution File, Format Version 12.00
# Visual Studio Version 16
VisualStudioVersion = 16.0.31613.86
MinimumVisualStudioVersion = 10.0.40219.1
Project("{8BC9CEB8-8B4A-11D0-8D11-00A0C91BC942}") = "Project3", "Project3\Project3.vcxproj", "{3E89C677-6A4F-4437-AB49-9B2242824DBF}"
EndProject
Global
	GlobalSection(SolutionConfigurationPlatforms) = preSolution
		Debug|x64 = Debug|x64
		Debug|x86 = Debug|x86
		Release|x64 = Release|x64
		Release|x86 = Release|x86
	EndGlobalSection
	GlobalSection(ProjectConfigurationPlatforms) = postSolution
		{3E89C677-6A4F-4437-AB49-9B2242824DBF}.Debug|x64.ActiveCfg = Debug|x64
		{3E89C677-6A4F-4437-AB49-9B2242824DBF}.Debug|x64.Build.0 = Debug|x64
		{3E89C677-6A4F-4437-AB49-9B2242824DBF}.Debug|x86.ActiveCfg = Debug|Win32
		{3E89C677-6A4F-4437-AB49-9B2242824DBF}.Debug|x86.Build.0 = Debug|Win32
		{3E89C677-6A4F-4437-AB49-9B2242824DBF}.Release|x64.ActiveCfg = Release|x64
		{3E89C677-6A4F-4437-AB49-9B2242824DBF}.Release|x64.Build.0 = Release|x64
		{3E89C677-6A4F-4437-AB49-9B2242824DBF}.Release|x86.ActiveCfg = Release|Win32
		{3E89C677-6A4F-4437-AB49-9B2242824DBF}.Release|x86.Build.0 = Release|Win32
	EndGlobalSection
	GlobalSection(SolutionProperties) = preSolution
		HideSolutionNode = FALSE
	EndGlobalSection
	GlobalSection(ExtensibilityGlobals) = postSolution
		SolutionGuid = {C1F93616-DD1D-4F7B-82B4-EB21F98EB3E7}
	EndGlobalSection
EndGlobal
